
Microsoft Visual Studio Solution File, Format Version 12.00
# Visual Studio Version 16
VisualStudioVersion = 16.0.33027.164
MinimumVisualStudioVersion = 10.0.40219.1
Project("{FAE04EC0-301F-11D3-BF4B-00C04F79EFBC}") = "KatmanliMimariProje", "KatmanliMimariProje\KatmanliMimariProje.csproj", "{2DD907EF-BC90-4965-9880-587421FB6544}"
EndProject
Project("{FAE04EC0-301F-11D3-BF4B-00C04F79EFBC}") = "EntityLayer", "EntityLayer\EntityLayer.csproj", "{A27CCE6B-3BD5-459D-807F-A4FA5D7CF4B7}"
EndProject
Project("{FAE04EC0-301F-11D3-BF4B-00C04F79EFBC}") = "DataAccessLayer", "DataAccessLayer\DataAccessLayer.csproj", "{2F28BDB6-58A4-43F2-A7D7-C5FBD92DF443}"
EndProject
Project("{FAE04EC0-301F-11D3-BF4B-00C04F79EFBC}") = "BusinessLayer", "BusinessLayer\BusinessLayer.csproj", "{8C34C3EA-DA51-42BD-87F4-ADD110F2F33A}"
EndProject
Global
	GlobalSection(SolutionConfigurationPlatforms) = preSolution
		Debug|Any CPU = Debug|Any CPU
		Release|Any CPU = Release|Any CPU
	EndGlobalSection
	GlobalSection(ProjectConfigurationPlatforms) = postSolution
		{2DD907EF-BC90-4965-9880-587421FB6544}.Debug|Any CPU.ActiveCfg = Debug|Any CPU
		{2DD907EF-BC90-4965-9880-587421FB6544}.Debug|Any CPU.Build.0 = Debug|Any CPU
		{2DD907EF-BC90-4965-9880-587421FB6544}.Release|Any CPU.ActiveCfg = Release|Any CPU
		{2DD907EF-BC90-4965-9880-587421FB6544}.Release|Any CPU.Build.0 = Release|Any CPU
		{A27CCE6B-3BD5-459D-807F-A4FA5D7CF4B7}.Debug|Any CPU.ActiveCfg = Debug|Any CPU
		{A27CCE6B-3BD5-459D-807F-A4FA5D7CF4B7}.Debug|Any CPU.Build.0 = Debug|Any CPU
		{A27CCE6B-3BD5-459D-807F-A4FA5D7CF4B7}.Release|Any CPU.ActiveCfg = Release|Any CPU
		{A27CCE6B-3BD5-459D-807F-A4FA5D7CF4B7}.Release|Any CPU.Build.0 = Release|Any CPU
		{2F28BDB6-58A4-43F2-A7D7-C5FBD92DF443}.Debug|Any CPU.ActiveCfg = Debug|Any CPU
		{2F28BDB6-58A4-43F2-A7D7-C5FBD92DF443}.Debug|Any CPU.Build.0 = Debug|Any CPU
		{2F28BDB6-58A4-43F2-A7D7-C5FBD92DF443}.Release|Any CPU.ActiveCfg = Release|Any CPU
		{2F28BDB6-58A4-43F2-A7D7-C5FBD92DF443}.Release|Any CPU.Build.0 = Release|Any CPU
		{8C34C3EA-DA51-42BD-87F4-ADD110F2F33A}.Debug|Any CPU.ActiveCfg = Debug|Any CPU
		{8C34C3EA-DA51-42BD-87F4-ADD110F2F33A}.Debug|Any CPU.Build.0 = Debug|Any CPU
		{8C34C3EA-DA51-42BD-87F4-ADD110F2F33A}.Release|Any CPU.ActiveCfg = Release|Any CPU
		{8C34C3EA-DA51-42BD-87F4-ADD110F2F33A}.Release|Any CPU.Build.0 = Release|Any CPU
	EndGlobalSection
	GlobalSection(SolutionProperties) = preSolution
		HideSolutionNode = FALSE
	EndGlobalSection
	GlobalSection(ExtensibilityGlobals) = postSolution
		SolutionGuid = {5F205038-AE46-4B48-85C5-FD5E273B2DD9}
	EndGlobalSection
EndGlobal
